<?xml version="1.0" encoding="utf-8"?>
<Project ToolsVersion="4.0" xmlns="http://schemas.microsoft.com/developer/msbuild/2003">
  <ItemGroup>
    <Filter Include="Source Files">
      <UniqueIdentifier>{4FC737F1-C7A5-4376-A066-2A32D752A2FF}</UniqueIdentifier>
      <Extensions>cpp;c;cc;cxx;def;odl;idl;hpj;bat;asm;asmx</Extensions>
    </Filter>
    <Filter Include="Header Files">
      <UniqueIdentifier>{93995380-89BD-4b04-88EB-625FBE52EBFB}</UniqueIdentifier>
      <Extensions>h;hh;hpp;hxx;hm;inl;inc;xsd</Extensions>
    </Filter>
    <Filter Include="Resource Files">
      <UniqueIdentifier>{67DA6AB6-F800-4c08-8B7A-83BB121AAD01}</UniqueIdentifier>
      <Extensions>rc;ico;cur;bmp;dlg;rc2;rct;bin;rgs;gif;jpg;jpeg;jpe;resx;tiff;tif;png;wav;mfcribbon-ms</Extensions>
    </Filter>
    <Filter Include="Header Files\Core">
      <UniqueIdentifier>{e30caec6-44d0-49a7-87e2-abaead500c63}</UniqueIdentifier>
    </Filter>
    <Filter Include="Header Files\States">
      <UniqueIdentifier>{c8844818-c22d-493b-be64-30b6668d452a}</UniqueIdentifier>
    </Filter>
    <Filter Include="Source Files\States">
      <UniqueIdentifier>{23bcc081-4a0b-4a08-9455-a8337d5601eb}</UniqueIdentifier>
    </Filter>
    <Filter Include="Header Files\Controls">
      <UniqueIdentifier>{50cbf2fb-222a-48ea-9b14-8be1e77936a1}</UniqueIdentifier>
    </Filter>
    <Filter Include="Source Files\Controls">
      <UniqueIdentifier>{8c55de0c-42ee-48e2-af36-3c0f3c613bac}</UniqueIdentifier>
    </Filter>
    <Filter Include="Header Files\Objects">
      <UniqueIdentifier>{9a810ee2-e871-4f15-9655-564081e837af}</UniqueIdentifier>
    </Filter>
    <Filter Include="Header Files\Objects\Chips">
      <UniqueIdentifier>{bfb2e975-b896-44d2-af5e-e1a60d518247}</UniqueIdentifier>
    </Filter>
    <Filter Include="Source Files\Objects">
      <UniqueIdentifier>{1f76ce3c-eafd-4042-9786-8693db695f8b}</UniqueIdentifier>
    </Filter>
    <Filter Include="Source Files\Objects\Chips">
      <UniqueIdentifier>{33190f22-bc7c-4440-9670-60b44a21544b}</UniqueIdentifier>
    </Filter>
  </ItemGroup>
  <ItemGroup>
    <ClCompile Include="main.cpp">
      <Filter>Source Files</Filter>
    </ClCompile>
    <ClCompile Include="main_game.cpp">
      <Filter>Source Files\States</Filter>
    </ClCompile>
    <ClCompile Include="main_menu.cpp">
      <Filter>Source Files\States</Filter>
    </ClCompile>
    <ClCompile Include="GameControls.cpp">
      <Filter>Source Files\Controls</Filter>
    </ClCompile>
    <ClCompile Include="KeyboardControlsPlayer1.cpp">
      <Filter>Source Files\Controls</Filter>
    </ClCompile>
    <ClCompile Include="RedChip.cpp">
      <Filter>Source Files\Objects\Chips</Filter>
    </ClCompile>
    <ClCompile Include="BlackChip.cpp">
      <Filter>Source Files\Objects\Chips</Filter>
    </ClCompile>
    <ClCompile Include="RedChipKing.cpp">
      <Filter>Source Files\Objects\Chips</Filter>
    </ClCompile>
    <ClCompile Include="BlackChipKing.cpp">
      <Filter>Source Files\Objects\Chips</Filter>
    </ClCompile>
    <ClCompile Include="Board.cpp">
      <Filter>Source Files\Objects</Filter>
    </ClCompile>
    <ClCompile Include="Highlight.cpp">
      <Filter>Source Files\Objects</Filter>
    </ClCompile>
    <ClCompile Include="GameInfo.cpp">
      <Filter>Source Files\Objects</Filter>
    </ClCompile>
    <ClCompile Include="TurnState.cpp">
      <Filter>Source Files\Objects</Filter>
    </ClCompile>
    <ClCompile Include="DeadChipBuffer.cpp">
      <Filter>Source Files\Objects</Filter>
    </ClCompile>
    <ClCompile Include="Move.cpp">
      <Filter>Source Files\Objects</Filter>
    </ClCompile>
  </ItemGroup>
  <ItemGroup>
    <ClInclude Include="game_state.h">
      <Filter>Header Files\Core</Filter>
    </ClInclude>
    <ClInclude Include="main_menu.h">
      <Filter>Header Files\States</Filter>
    </ClInclude>
    <ClInclude Include="main_game.h">
      <Filter>Header Files\States</Filter>
    </ClInclude>
    <ClInclude Include="Controls.h">
      <Filter>Header Files\Controls</Filter>
    </ClInclude>
    <ClInclude Include="KeyboardControlsPlayer1.h">
      <Filter>Header Files\Controls</Filter>
    </ClInclude>
    <ClInclude Include="GameControls.h">
      <Filter>Header Files\Controls</Filter>
    </ClInclude>
    <ClInclude Include="Entity.h">
      <Filter>Header Files\Objects</Filter>
    </ClInclude>
    <ClInclude Include="Chip.h">
      <Filter>Header Files\Objects\Chips</Filter>
    </ClInclude>
    <ClInclude Include="RedChip.h">
      <Filter>Header Files\Objects\Chips</Filter>
    </ClInclude>
    <ClInclude Include="BlackChip.h">
      <Filter>Header Files\Objects\Chips</Filter>
    </ClInclude>
    <ClInclude Include="RedChipKing.h">
      <Filter>Header Files\Objects\Chips</Filter>
    </ClInclude>
    <ClInclude Include="BlackChipKing.h">
      <Filter>Header Files\Objects\Chips</Filter>
    </ClInclude>
    <ClInclude Include="Board.h">
      <Filter>Header Files\Objects</Filter>
    </ClInclude>
    <ClInclude Include="Coordinates.h">
      <Filter>Header Files\Objects</Filter>
    </ClInclude>
    <ClInclude Include="Highlight.h">
      <Filter>Header Files\Objects</Filter>
    </ClInclude>
    <ClInclude Include="GameInfo.h">
      <Filter>Header Files\Objects</Filter>
    </ClInclude>
    <ClInclude Include="TurnState.h">
      <Filter>Header Files\Objects</Filter>
    </ClInclude>
    <ClInclude Include="DeadChipBuffer.h">
      <Filter>Header Files\Objects</Filter>
    </ClInclude>
    <ClInclude Include="Move.h">
      <Filter>Header Files\Objects</Filter>
    </ClInclude>
  </ItemGroup>
</Project>